{"version":4,"terraform_version":"1.10.6","serial":1,"lineage":"39568fb1-a885-00d4-8cb2-12fc9aa76f11","outputs":{"random_id":{"value":"19ae73a374479edd","type":"string"}},"resources":[{"mode":"managed","type":"local_file","name":"example","provider":"provider[\"registry.opentofu.org/hashicorp/local\"]","instances":[{"schema_version":0,"attributes":{"content":"Hello from OpenTofu with tracing!","content_base64":null,"content_base64sha256":"sJDhmJM/hUqiOUMkgI/eDyQ8hWwaiIEBKXXZlV5K4tc=","content_base64sha512":"i1SCj8AQfROHBcwOra0OF2FeNMqMDnnDh/aW4Y4lFY8UI1uXWVwwe1wlFP3A9OnVyRuaEqyc3nbCwvsQOVVj/g==","content_md5":"d37671b20846e7e58d44daf5aba7e02b","content_sha1":"949429c704a6a1616021e23618561f18eb78fd50","content_sha256":"b090e198933f854aa2394324808fde0f243c856c1a8881012975d9955e4ae2d7","content_sha512":"8b54828fc0107d138705cc0eadad0e17615e34ca8c0e79c387f696e18e25158f14235b97595c307b5c2514fdc0f4e9d5c91b9a12ac9cde76c2c2fb10395563fe","directory_permission":"0777","file_permission":"0777","filename":"./output.txt","id":"949429c704a6a1616021e23618561f18eb78fd50","sensitive_content":null,"source":null},"sensitive_attributes":[[{"type":"get_attr","value":"sensitive_content"}]]}]},{"mode":"managed","type":"local_file","name":"random","provider":"provider[\"registry.opentofu.org/hashicorp/local\"]","instances":[{"schema_version":0,"attributes":{"content":"Random ID: 19ae73a374479edd","content_base64":null,"content_base64sha256":"xKkkJZPYqcbOnAu+PlxdQ52RnV3cF6jcmloFKUZ8ZVk=","content_base64sha512":"zOsRxxSl0DiFifQdAv0CHbi4NzWnr0qxgLuBmFnoQASirQMcOFHWoqF28fGOr4lVFs77brJQPhUhn1V94aHRGw==","content_md5":"470b48863d625f93e0c891f87f6ffca4","content_sha1":"0af8cbcc285f1b0ff4b8c3c79b0cb1917a4131d9","content_sha256":"c4a9242593d8a9c6ce9c0bbe3e5c5d439d919d5ddc17a8dc9a5a0529467c6559","content_sha512":"cceb11c714a5d0388589f41d02fd021db8b83735a7af4ab180bb819859e84004a2ad031c3851d6a2a176f1f18eaf895516cefb6eb2503e15219f557de1a1d11b","directory_permission":"0777","file_permission":"0777","filename":"./random.txt","id":"0af8cbcc285f1b0ff4b8c3c79b0cb1917a4131d9","sensitive_content":null,"source":null},"sensitive_attributes":[[{"type":"get_attr","value":"sensitive_content"}]],"dependencies":["random_id.example"]}]},{"mode":"managed","type":"random_id","name":"example","provider":"provider[\"registry.opentofu.org/hashicorp/random\"]","instances":[{"schema_version":0,"attributes":{"b64_std":"Ga5zo3RHnt0=","b64_url":"Ga5zo3RHnt0","byte_length":8,"dec":"1850543642763566813","hex":"19ae73a374479edd","id":"Ga5zo3RHnt0","keepers":null,"prefix":null},"sensitive_attributes":[]}]}],"check_results":null}
